# THIS IS AN AUTOGENERATED FILE. DO NOT EDIT THIS FILE DIRECTLY.
# yarn lockfile v1


"@types/jquery@*":
  version "1.10.35"
  resolved "https://registry.yarnpkg.com/@types/jquery/-/jquery-1.10.35.tgz#4e5c2b1e5b3bf0b863efb8c5e70081f52e6c9518"
  integrity sha512-SVtqEcudm7yjkTwoRA1gC6CNMhGDdMx4Pg8BPdiqI7bXXdCn1BPmtxgeWYQOgDxrq53/5YTlhq5ULxBEAlWIBg==

"@types/jquery@3.3.22":
  version "3.3.22"
  resolved "https://registry.yarnpkg.com/@types/jquery/-/jquery-3.3.22.tgz#cde55dc8f83207dffd16205b05f97ce824581735"
  integrity sha512-a4JDcIhJhHYnoWCkG3xT2CZxXZeA92JeREESorg0DMQ3ZsjuKF48h7XK4l5Gl2GRa/ItGRpKMT0pyK88yRgqXQ==
  dependencies:
    "@types/sizzle" "*"

"@types/jqueryui@^1.12.6":
  version "1.12.6"
  resolved "https://registry.yarnpkg.com/@types/jqueryui/-/jqueryui-1.12.6.tgz#71bb4154c11d3d7048264b935965adfc5a6c5a50"
  integrity sha512-lF4aIWtQ3Xbd6J+9WXz/day1pyf39ZMO/KUrigFAuMQ6FFVw2xZBIRCUwA7/CEnab1Bb7b4ko304Lxrp2xw8hQ==
  dependencies:
    "@types/jquery" "*"

"@types/sizzle@*":
  version "2.3.2"
  resolved "https://registry.yarnpkg.com/@types/sizzle/-/sizzle-2.3.2.tgz#a811b8c18e2babab7d542b3365887ae2e4d9de47"
  integrity sha512-7EJYyKTL7tFR8+gDbB6Wwz/arpGa0Mywk1TJbNzKzHtzbwVmY4HR9WqS5VV7dsBUKQmPNr192jHr/VpBluj/hg==

typescript@3.1.5:
  version "3.1.5"
  resolved "https://registry.yarnpkg.com/typescript/-/typescript-3.1.5.tgz#93d8b6864375325a91177372cb370ae0ae3a0703"
  integrity sha512-muYNWV9j5+3mXoKD6oPONKuGUmYiFX14gfo9lWm9ZXRHOqVDQiB4q1CzFPbF4QLV2E9TZXH6oK55oQ94rn3PpA==
